
Microsoft Visual Studio Solution File, Format Version 12.00
# Visual Studio Version 16
VisualStudioVersion = 16.0.32106.194
MinimumVisualStudioVersion = 10.0.40219.1
Project("{FAE04EC0-301F-11D3-BF4B-00C04F79EFBC}") = "Banca_v5", "Banca_v5\Banca_v5.csproj", "{DAD17C1D-C0F4-4EFE-903B-5C274BDC01AA}"
EndProject
Global
	GlobalSection(SolutionConfigurationPlatforms) = preSolution
		Debug|Any CPU = Debug|Any CPU
		Release|Any CPU = Release|Any CPU
	EndGlobalSection
	GlobalSection(ProjectConfigurationPlatforms) = postSolution
		{DAD17C1D-C0F4-4EFE-903B-5C274BDC01AA}.Debug|Any CPU.ActiveCfg = Debug|Any CPU
		{DAD17C1D-C0F4-4EFE-903B-5C274BDC01AA}.Debug|Any CPU.Build.0 = Debug|Any CPU
		{DAD17C1D-C0F4-4EFE-903B-5C274BDC01AA}.Release|Any CPU.ActiveCfg = Release|Any CPU
		{DAD17C1D-C0F4-4EFE-903B-5C274BDC01AA}.Release|Any CPU.Build.0 = Release|Any CPU
	EndGlobalSection
	GlobalSection(SolutionProperties) = preSolution
		HideSolutionNode = FALSE
	EndGlobalSection
	GlobalSection(ExtensibilityGlobals) = postSolution
		SolutionGuid = {1548256F-6050-41BA-96E3-5DC000E8538C}
	EndGlobalSection
EndGlobal
